version = 1
requires-python = ">=3.13"

[[package]]
name = "python-snippets"
version = "0.1.0"
source = { virtual = "." }
dependencies = [
    { name = "returns" },
]

[package.metadata]
requires-dist = [{ name = "returns", specifier = ">=0.26.0" }]

[[package]]
name = "returns"
version = "0.26.0"
source = { registry = "https://pypi.org/simple" }
dependencies = [
    { name = "typing-extensions" },
]
sdist = { url = "https://files.pythonhosted.org/packages/06/c2/6dda7ef39464568152e35c766a8b49ab1cdb1b03a5891441a7c2fa40dc61/returns-0.26.0.tar.gz", hash = "sha256:180320e0f6e9ea9845330ccfc020f542330f05b7250941d9b9b7c00203fcc3da", size = 105300 }
wheels = [
    { url = "https://files.pythonhosted.org/packages/57/4d/a7545bf6c62b0dbe5795f22ea9e88cc070fdced5c34663ebc5bed2f610c0/returns-0.26.0-py3-none-any.whl", hash = "sha256:7cae94c730d6c56ffd9d0f583f7a2c0b32cfe17d141837150c8e6cff3eb30d71", size = 160515 },
]

[[package]]
name = "typing-extensions"
version = "4.14.1"
source = { registry = "https://pypi.org/simple" }
sdist = { url = "https://files.pythonhosted.org/packages/98/5a/da40306b885cc8c09109dc2e1abd358d5684b1425678151cdaed4731c822/typing_extensions-4.14.1.tar.gz", hash = "sha256:38b39f4aeeab64884ce9f74c94263ef78f3c22467c8724005483154c26648d36", size = 107673 }
wheels = [
    { url = "https://files.pythonhosted.org/packages/b5/00/d631e67a838026495268c2f6884f3711a15a9a2a96cd244fdaea53b823fb/typing_extensions-4.14.1-py3-none-any.whl", hash = "sha256:d1e1e3b58374dc93031d6eda2420a48ea44a36c2b4766a4fdeb3710755731d76", size = 43906 },
]
